
Microsoft Visual Studio Solution File, Format Version 12.00
Project("{FAE04EC0-301F-11D3-BF4B-00C04F79EFBC}") = "DatchikSharp.Web", "DatchikSharp.Web\DatchikSharp.Web.csproj", "{E2BC900E-5037-46E6-A261-62601945FBD9}"
EndProject
Project("{FAE04EC0-301F-11D3-BF4B-00C04F79EFBC}") = "DatchikiSharp.Core", "DatchikiSharp.Core\DatchikiSharp.Core.csproj", "{55911812-4BB4-4A6C-BE15-29C90FF7B302}"
EndProject
Global
	GlobalSection(SolutionConfigurationPlatforms) = preSolution
		Debug|Any CPU = Debug|Any CPU
		Release|Any CPU = Release|Any CPU
	EndGlobalSection
	GlobalSection(ProjectConfigurationPlatforms) = postSolution
		{E2BC900E-5037-46E6-A261-62601945FBD9}.Debug|Any CPU.ActiveCfg = Debug|Any CPU
		{E2BC900E-5037-46E6-A261-62601945FBD9}.Debug|Any CPU.Build.0 = Debug|Any CPU
		{E2BC900E-5037-46E6-A261-62601945FBD9}.Release|Any CPU.ActiveCfg = Release|Any CPU
		{E2BC900E-5037-46E6-A261-62601945FBD9}.Release|Any CPU.Build.0 = Release|Any CPU
		{55911812-4BB4-4A6C-BE15-29C90FF7B302}.Debug|Any CPU.ActiveCfg = Debug|Any CPU
		{55911812-4BB4-4A6C-BE15-29C90FF7B302}.Debug|Any CPU.Build.0 = Debug|Any CPU
		{55911812-4BB4-4A6C-BE15-29C90FF7B302}.Release|Any CPU.ActiveCfg = Release|Any CPU
		{55911812-4BB4-4A6C-BE15-29C90FF7B302}.Release|Any CPU.Build.0 = Release|Any CPU
	EndGlobalSection
EndGlobal
